// !$*UTF8*$!
{
	archiveVersion = 1;
	classes = {
	};
	objectVersion = 50;
	objects = {

/* Begin PBXBuildFile section */
		849CB47E20CABDA600CEEB70 /* main.m in Sources */ = {isa = PBXBuildFile; fileRef = 849CB47D20CABDA600CEEB70 /* main.m */; };
		849CB48620CAD8D900CEEB70 /* House.m in Sources */ = {isa = PBXBuildFile; fileRef = 849CB48520CAD8D900CEEB70 /* House.m */; };
		849CB48920CAF5E000CEEB70 /* Bedroom.m in Sources */ = {isa = PBXBuildFile; fileRef = 849CB48820CAF5E000CEEB70 /* Bedroom.m */; };
		849CB48C20CAFE2100CEEB70 /* Book.m in Sources */ = {isa = PBXBuildFile; fileRef = 849CB48B20CAFE2100CEEB70 /* Book.m */; };
		849CB48F20CAFE2E00CEEB70 /* Person.m in Sources */ = {isa = PBXBuildFile; fileRef = 849CB48E20CAFE2E00CEEB70 /* Person.m */; };
		849CB49220CB049000CEEB70 /* RPSGame.m in Sources */ = {isa = PBXBuildFile; fileRef = 849CB49120CB049000CEEB70 /* RPSGame.m */; };
		849CB49520CB049F00CEEB70 /* RPSTurn.m in Sources */ = {isa = PBXBuildFile; fileRef = 849CB49420CB049F00CEEB70 /* RPSTurn.m */; };
		84BAC15220CD6E0C00B8F8BD /* RPSController.m in Sources */ = {isa = PBXBuildFile; fileRef = 84BAC15120CD6E0C00B8F8BD /* RPSController.m */; };
/* End PBXBuildFile section */

/* Begin PBXCopyFilesBuildPhase section */
		849CB47820CABDA600CEEB70 /* CopyFiles */ = {
			isa = PBXCopyFilesBuildPhase;
			buildActionMask = 2147483647;
			dstPath = /usr/share/man/man1/;
			dstSubfolderSpec = 0;
			files = (
			);
			runOnlyForDeploymentPostprocessing = 1;
		};
/* End PBXCopyFilesBuildPhase section */

/* Begin PBXFileReference section */
		849CB47A20CABDA600CEEB70 /* House */ = {isa = PBXFileReference; explicitFileType = "compiled.mach-o.executable"; includeInIndex = 0; path = House; sourceTree = BUILT_PRODUCTS_DIR; };
		849CB47D20CABDA600CEEB70 /* main.m */ = {isa = PBXFileReference; lastKnownFileType = sourcecode.c.objc; path = main.m; sourceTree = "<group>"; };
		849CB48420CAD8D900CEEB70 /* House.h */ = {isa = PBXFileReference; lastKnownFileType = sourcecode.c.h; path = House.h; sourceTree = "<group>"; };
		849CB48520CAD8D900CEEB70 /* House.m */ = {isa = PBXFileReference; lastKnownFileType = sourcecode.c.objc; path = House.m; sourceTree = "<group>"; };
		849CB48720CAF5E000CEEB70 /* Bedroom.h */ = {isa = PBXFileReference; lastKnownFileType = sourcecode.c.h; path = Bedroom.h; sourceTree = "<group>"; };
		849CB48820CAF5E000CEEB70 /* Bedroom.m */ = {isa = PBXFileReference; lastKnownFileType = sourcecode.c.objc; path = Bedroom.m; sourceTree = "<group>"; };
		849CB48A20CAFE2100CEEB70 /* Book.h */ = {isa = PBXFileReference; lastKnownFileType = sourcecode.c.h; path = Book.h; sourceTree = "<group>"; };
		849CB48B20CAFE2100CEEB70 /* Book.m */ = {isa = PBXFileReference; lastKnownFileType = sourcecode.c.objc; path = Book.m; sourceTree = "<group>"; };
		849CB48D20CAFE2E00CEEB70 /* Person.h */ = {isa = PBXFileReference; lastKnownFileType = sourcecode.c.h; path = Person.h; sourceTree = "<group>"; };
		849CB48E20CAFE2E00CEEB70 /* Person.m */ = {isa = PBXFileReference; lastKnownFileType = sourcecode.c.objc; path = Person.m; sourceTree = "<group>"; };
		849CB49120CB049000CEEB70 /* RPSGame.m */ = {isa = PBXFileReference; lastKnownFileType = sourcecode.c.objc; path = RPSGame.m; sourceTree = "<group>"; };
		849CB49320CB049F00CEEB70 /* RPSTurn.h */ = {isa = PBXFileReference; lastKnownFileType = sourcecode.c.h; path = RPSTurn.h; sourceTree = "<group>"; };
		849CB49420CB049F00CEEB70 /* RPSTurn.m */ = {isa = PBXFileReference; lastKnownFileType = sourcecode.c.objc; path = RPSTurn.m; sourceTree = "<group>"; };
		84BAC15020CD6E0C00B8F8BD /* RPSController.h */ = {isa = PBXFileReference; lastKnownFileType = sourcecode.c.h; path = RPSController.h; sourceTree = "<group>"; };
		84BAC15120CD6E0C00B8F8BD /* RPSController.m */ = {isa = PBXFileReference; lastKnownFileType = sourcecode.c.objc; path = RPSController.m; sourceTree = "<group>"; };
		84BAC15320CDA9F900B8F8BD /* RPSGame.h */ = {isa = PBXFileReference; lastKnownFileType = sourcecode.c.h; path = RPSGame.h; sourceTree = "<group>"; };
/* End PBXFileReference section */

/* Begin PBXFrameworksBuildPhase section */
		849CB47720CABDA600CEEB70 /* Frameworks */ = {
			isa = PBXFrameworksBuildPhase;
			buildActionMask = 2147483647;
			files = (
			);
			runOnlyForDeploymentPostprocessing = 0;
		};
/* End PBXFrameworksBuildPhase section */

/* Begin PBXGroup section */
		849CB47120CABDA600CEEB70 = {
			isa = PBXGroup;
			children = (
				849CB49720CB04C400CEEB70 /* Book */,
				849CB47C20CABDA600CEEB70 /* House */,
				849CB49620CB04AF00CEEB70 /* RPS */,
				849CB47B20CABDA600CEEB70 /* Products */,
			);
			sourceTree = "<group>";
		};
		849CB47B20CABDA600CEEB70 /* Products */ = {
			isa = PBXGroup;
			children = (
				849CB47A20CABDA600CEEB70 /* House */,
			);
			name = Products;
			sourceTree = "<group>";
		};
		849CB47C20CABDA600CEEB70 /* House */ = {
			isa = PBXGroup;
			children = (
				849CB48420CAD8D900CEEB70 /* House.h */,
				849CB48520CAD8D900CEEB70 /* House.m */,
				849CB48720CAF5E000CEEB70 /* Bedroom.h */,
				849CB48820CAF5E000CEEB70 /* Bedroom.m */,
			);
			path = House;
			sourceTree = "<group>";
		};
		849CB49620CB04AF00CEEB70 /* RPS */ = {
			isa = PBXGroup;
			children = (
				849CB47D20CABDA600CEEB70 /* main.m */,
				84BAC15320CDA9F900B8F8BD /* RPSGame.h */,
				849CB49120CB049000CEEB70 /* RPSGame.m */,
				849CB49320CB049F00CEEB70 /* RPSTurn.h */,
				849CB49420CB049F00CEEB70 /* RPSTurn.m */,
				84BAC15020CD6E0C00B8F8BD /* RPSController.h */,
				84BAC15120CD6E0C00B8F8BD /* RPSController.m */,
			);
			path = RPS;
			sourceTree = "<group>";
		};
		849CB49720CB04C400CEEB70 /* Book */ = {
			isa = PBXGroup;
			children = (
				849CB48A20CAFE2100CEEB70 /* Book.h */,
				849CB48B20CAFE2100CEEB70 /* Book.m */,
				849CB48D20CAFE2E00CEEB70 /* Person.h */,
				849CB48E20CAFE2E00CEEB70 /* Person.m */,
			);
			path = Book;
			sourceTree = "<group>";
		};
/* End PBXGroup section */

/* Begin PBXNativeTarget section */
		849CB47920CABDA600CEEB70 /* House */ = {
			isa = PBXNativeTarget;
			buildConfigurationList = 849CB48120CABDA600CEEB70 /* Build configuration list for PBXNativeTarget "House" */;
			buildPhases = (
				849CB47620CABDA600CEEB70 /* Sources */,
				849CB47720CABDA600CEEB70 /* Frameworks */,
				849CB47820CABDA600CEEB70 /* CopyFiles */,
			);
			buildRules = (
			);
			dependencies = (
			);
			name = House;
			productName = House;
			productReference = 849CB47A20CABDA600CEEB70 /* House */;
			productType = "com.apple.product-type.tool";
		};
/* End PBXNativeTarget section */

/* Begin PBXProject section */
		849CB47220CABDA600CEEB70 /* Project object */ = {
			isa = PBXProject;
			attributes = {
				LastUpgradeCheck = 0940;
				ORGANIZATIONNAME = Udacity;
				TargetAttributes = {
					849CB47920CABDA600CEEB70 = {
						CreatedOnToolsVersion = 9.4;
					};
				};
			};
			buildConfigurationList = 849CB47520CABDA600CEEB70 /* Build configuration list for PBXProject "House" */;
			compatibilityVersion = "Xcode 9.3";
			developmentRegion = en;
			hasScannedForEncodings = 0;
			knownRegions = (
				en,
			);
			mainGroup = 849CB47120CABDA600CEEB70;
			productRefGroup = 849CB47B20CABDA600CEEB70 /* Products */;
			projectDirPath = "";
			projectRoot = "";
			targets = (
				849CB47920CABDA600CEEB70 /* House */,
			);
		};
/* End PBXProject section */

/* Begin PBXSourcesBuildPhase section */
		849CB47620CABDA600CEEB70 /* Sources */ = {
			isa = PBXSourcesBuildPhase;
			buildActionMask = 2147483647;
			files = (
				849CB48C20CAFE2100CEEB70 /* Book.m in Sources */,
				849CB48620CAD8D900CEEB70 /* House.m in Sources */,
				849CB49520CB049F00CEEB70 /* RPSTurn.m in Sources */,
				84BAC15220CD6E0C00B8F8BD /* RPSController.m in Sources */,
				849CB48F20CAFE2E00CEEB70 /* Person.m in Sources */,
				849CB48920CAF5E000CEEB70 /* Bedroom.m in Sources */,
				849CB47E20CABDA600CEEB70 /* main.m in Sources */,
				849CB49220CB049000CEEB70 /* RPSGame.m in Sources */,
			);
			runOnlyForDeploymentPostprocessing = 0;
		};
/* End PBXSourcesBuildPhase section */

/* Begin XCBuildConfiguration section */
		849CB47F20CABDA600CEEB70 /* Debug */ = {
			isa = XCBuildConfiguration;
			buildSettings = {
				ALWAYS_SEARCH_USER_PATHS = NO;
				CLANG_ANALYZER_NONNULL = YES;
				CLANG_ANALYZER_NUMBER_OBJECT_CONVERSION = YES_AGGRESSIVE;
				CLANG_CXX_LANGUAGE_STANDARD = "gnu++14";
				CLANG_CXX_LIBRARY = "libc++";
				CLANG_ENABLE_MODULES = YES;
				CLANG_ENABLE_OBJC_ARC = YES;
				CLANG_ENABLE_OBJC_WEAK = YES;
				CLANG_WARN_BLOCK_CAPTURE_AUTORELEASING = YES;
				CLANG_WARN_BOOL_CONVERSION = YES;
				CLANG_WARN_COMMA = YES;
				CLANG_WARN_CONSTANT_CONVERSION = YES;
				CLANG_WARN_DEPRECATED_OBJC_IMPLEMENTATIONS = YES;
				CLANG_WARN_DIRECT_OBJC_ISA_USAGE = YES_ERROR;
				CLANG_WARN_DOCUMENTATION_COMMENTS = YES;
				CLANG_WARN_EMPTY_BODY = YES;
				CLANG_WARN_ENUM_CONVERSION = YES;
				CLANG_WARN_INFINITE_RECURSION = YES;
				CLANG_WARN_INT_CONVERSION = YES;
				CLANG_WARN_NON_LITERAL_NULL_CONVERSION = YES;
				CLANG_WARN_OBJC_IMPLICIT_RETAIN_SELF = YES;
				CLANG_WARN_OBJC_LITERAL_CONVERSION = YES;
				CLANG_WARN_OBJC_ROOT_CLASS = YES_ERROR;
				CLANG_WARN_RANGE_LOOP_ANALYSIS = YES;
				CLANG_WARN_STRICT_PROTOTYPES = YES;
				CLANG_WARN_SUSPICIOUS_MOVE = YES;
				CLANG_WARN_UNGUARDED_AVAILABILITY = YES_AGGRESSIVE;
				CLANG_WARN_UNREACHABLE_CODE = YES;
				CLANG_WARN__DUPLICATE_METHOD_MATCH = YES;
				CODE_SIGN_IDENTITY = "Mac Developer";
				COPY_PHASE_STRIP = NO;
				DEBUG_INFORMATION_FORMAT = dwarf;
				ENABLE_STRICT_OBJC_MSGSEND = YES;
				ENABLE_TESTABILITY = YES;
				GCC_C_LANGUAGE_STANDARD = gnu11;
				GCC_DYNAMIC_NO_PIC = NO;
				GCC_NO_COMMON_BLOCKS = YES;
				GCC_OPTIMIZATION_LEVEL = 0;
				GCC_PREPROCESSOR_DEFINITIONS = (
					"DEBUG=1",
					"$(inherited)",
				);
				GCC_WARN_64_TO_32_BIT_CONVERSION = YES;
				GCC_WARN_ABOUT_RETURN_TYPE = YES_ERROR;
				GCC_WARN_UNDECLARED_SELECTOR = YES;
				GCC_WARN_UNINITIALIZED_AUTOS = YES_AGGRESSIVE;
				GCC_WARN_UNUSED_FUNCTION = YES;
				GCC_WARN_UNUSED_VARIABLE = YES;
				MACOSX_DEPLOYMENT_TARGET = 10.13;
				MTL_ENABLE_DEBUG_INFO = YES;
				ONLY_ACTIVE_ARCH = YES;
				SDKROOT = macosx;
			};
			name = Debug;
		};
		849CB48020CABDA600CEEB70 /* Release */ = {
			isa = XCBuildConfiguration;
			buildSettings = {
				ALWAYS_SEARCH_USER_PATHS = NO;
				CLANG_ANALYZER_NONNULL = YES;
				CLANG_ANALYZER_NUMBER_OBJECT_CONVERSION = YES_AGGRESSIVE;
				CLANG_CXX_LANGUAGE_STANDARD = "gnu++14";
				CLANG_CXX_LIBRARY = "libc++";
				CLANG_ENABLE_MODULES = YES;
				CLANG_ENABLE_OBJC_ARC = YES;
				CLANG_ENABLE_OBJC_WEAK = YES;
				CLANG_WARN_BLOCK_CAPTURE_AUTORELEASING = YES;
				CLANG_WARN_BOOL_CONVERSION = YES;
				CLANG_WARN_COMMA = YES;
				CLANG_WARN_CONSTANT_CONVERSION = YES;
				CLANG_WARN_DEPRECATED_OBJC_IMPLEMENTATIONS = YES;
				CLANG_WARN_DIRECT_OBJC_ISA_USAGE = YES_ERROR;
				CLANG_WARN_DOCUMENTATION_COMMENTS = YES;
				CLANG_WARN_EMPTY_BODY = YES;
				CLANG_WARN_ENUM_CONVERSION = YES;
				CLANG_WARN_INFINITE_RECURSION = YES;
				CLANG_WARN_INT_CONVERSION = YES;
				CLANG_WARN_NON_LITERAL_NULL_CONVERSION = YES;
				CLANG_WARN_OBJC_IMPLICIT_RETAIN_SELF = YES;
				CLANG_WARN_OBJC_LITERAL_CONVERSION = YES;
				CLANG_WARN_OBJC_ROOT_CLASS = YES_ERROR;
				CLANG_WARN_RANGE_LOOP_ANALYSIS = YES;
				CLANG_WARN_STRICT_PROTOTYPES = YES;
				CLANG_WARN_SUSPICIOUS_MOVE = YES;
				CLANG_WARN_UNGUARDED_AVAILABILITY = YES_AGGRESSIVE;
				CLANG_WARN_UNREACHABLE_CODE = YES;
				CLANG_WARN__DUPLICATE_METHOD_MATCH = YES;
				CODE_SIGN_IDENTITY = "Mac Developer";
				COPY_PHASE_STRIP = NO;
				DEBUG_INFORMATION_FORMAT = "dwarf-with-dsym";
				ENABLE_NS_ASSERTIONS = NO;
				ENABLE_STRICT_OBJC_MSGSEND = YES;
				GCC_C_LANGUAGE_STANDARD = gnu11;
				GCC_NO_COMMON_BLOCKS = YES;
				GCC_WARN_64_TO_32_BIT_CONVERSION = YES;
				GCC_WARN_ABOUT_RETURN_TYPE = YES_ERROR;
				GCC_WARN_UNDECLARED_SELECTOR = YES;
				GCC_WARN_UNINITIALIZED_AUTOS = YES_AGGRESSIVE;
				GCC_WARN_UNUSED_FUNCTION = YES;
				GCC_WARN_UNUSED_VARIABLE = YES;
				MACOSX_DEPLOYMENT_TARGET = 10.13;
				MTL_ENABLE_DEBUG_INFO = NO;
				SDKROOT = macosx;
			};
			name = Release;
		};
		849CB48220CABDA600CEEB70 /* Debug */ = {
			isa = XCBuildConfiguration;
			buildSettings = {
				CODE_SIGN_STYLE = Automatic;
				DEVELOPMENT_TEAM = 8445L6UJ4Y;
				PRODUCT_NAME = "$(TARGET_NAME)";
			};
			name = Debug;
		};
		849CB48320CABDA600CEEB70 /* Release */ = {
			isa = XCBuildConfiguration;
			buildSettings = {
				CODE_SIGN_STYLE = Automatic;
				DEVELOPMENT_TEAM = 8445L6UJ4Y;
				PRODUCT_NAME = "$(TARGET_NAME)";
			};
			name = Release;
		};
/* End XCBuildConfiguration section */

/* Begin XCConfigurationList section */
		849CB47520CABDA600CEEB70 /* Build configuration list for PBXProject "House" */ = {
			isa = XCConfigurationList;
			buildConfigurations = (
				849CB47F20CABDA600CEEB70 /* Debug */,
				849CB48020CABDA600CEEB70 /* Release */,
			);
			defaultConfigurationIsVisible = 0;
			defaultConfigurationName = Release;
		};
		849CB48120CABDA600CEEB70 /* Build configuration list for PBXNativeTarget "House" */ = {
			isa = XCConfigurationList;
			buildConfigurations = (
				849CB48220CABDA600CEEB70 /* Debug */,
				849CB48320CABDA600CEEB70 /* Release */,
			);
			defaultConfigurationIsVisible = 0;
			defaultConfigurationName = Release;
		};
/* End XCConfigurationList section */
	};
	rootObject = 849CB47220CABDA600CEEB70 /* Project object */;
}
